
Microsoft Visual Studio Solution File, Format Version 12.00
# Visual Studio 15
VisualStudioVersion = 15.0.28307.1169
MinimumVisualStudioVersion = 10.0.40219.1
Project("{FAE04EC0-301F-11D3-BF4B-00C04F79EFBC}") = "First CSharp Program", "First CSharp Program\First CSharp Program.csproj", "{2AC35220-DF9E-4AAD-B14A-24FEADEFB0C0}"
EndProject
Global
	GlobalSection(SolutionConfigurationPlatforms) = preSolution
		Debug|Any CPU = Debug|Any CPU
		Release|Any CPU = Release|Any CPU
	EndGlobalSection
	GlobalSection(ProjectConfigurationPlatforms) = postSolution
		{2AC35220-DF9E-4AAD-B14A-24FEADEFB0C0}.Debug|Any CPU.ActiveCfg = Debug|Any CPU
		{2AC35220-DF9E-4AAD-B14A-24FEADEFB0C0}.Debug|Any CPU.Build.0 = Debug|Any CPU
		{2AC35220-DF9E-4AAD-B14A-24FEADEFB0C0}.Release|Any CPU.ActiveCfg = Release|Any CPU
		{2AC35220-DF9E-4AAD-B14A-24FEADEFB0C0}.Release|Any CPU.Build.0 = Release|Any CPU
	EndGlobalSection
	GlobalSection(SolutionProperties) = preSolution
		HideSolutionNode = FALSE
	EndGlobalSection
	GlobalSection(ExtensibilityGlobals) = postSolution
		SolutionGuid = {BEC7E740-1D6B-4728-96F6-B47E3B2A247B}
	EndGlobalSection
EndGlobal
